
Microsoft Visual Studio Solution File, Format Version 12.00
# Visual Studio Version 17
Project("{2150E333-8FDC-42A3-9474-1A3956D46DE8}") = "CMakePredefinedTargets", "CMakePredefinedTargets", "{F67BEB58-59BB-3DCA-9DAA-57CAF5E87615}"
EndProject
Project("{8BC9CEB8-8B4A-11D0-8D11-00A0C91BC942}") = "ALL_BUILD", "ALL_BUILD.vcxproj", "{8FBFD86A-0DC4-3AE3-AD7D-FCE95B3CA758}"
	ProjectSection(ProjectDependencies) = postProject
		{5F031955-5F84-3AD1-A4FC-06D13914244A} = {5F031955-5F84-3AD1-A4FC-06D13914244A}
		{6298431E-880C-3F3F-9B4C-73D5B0FD26D0} = {6298431E-880C-3F3F-9B4C-73D5B0FD26D0}
		{BF703C89-5143-3A4B-BC9A-F97E6C4928B5} = {BF703C89-5143-3A4B-BC9A-F97E6C4928B5}
		{A3694FA7-C5ED-31E4-AD12-741A138486E5} = {A3694FA7-C5ED-31E4-AD12-741A138486E5}
		{869C342D-2501-3E71-9056-798237B0E60C} = {869C342D-2501-3E71-9056-798237B0E60C}
	EndProjectSection
EndProject
Project("{8BC9CEB8-8B4A-11D0-8D11-00A0C91BC942}") = "INSTALL", "INSTALL.vcxproj", "{D0D091F5-A61F-36D9-91A8-73DDA69A4335}"
	ProjectSection(ProjectDependencies) = postProject
		{8FBFD86A-0DC4-3AE3-AD7D-FCE95B3CA758} = {8FBFD86A-0DC4-3AE3-AD7D-FCE95B3CA758}
		{5F031955-5F84-3AD1-A4FC-06D13914244A} = {5F031955-5F84-3AD1-A4FC-06D13914244A}
	EndProjectSection
EndProject
Project("{8BC9CEB8-8B4A-11D0-8D11-00A0C91BC942}") = "ZERO_CHECK", "ZERO_CHECK.vcxproj", "{5F031955-5F84-3AD1-A4FC-06D13914244A}"
	ProjectSection(ProjectDependencies) = postProject
	EndProjectSection
EndProject
Project("{8BC9CEB8-8B4A-11D0-8D11-00A0C91BC942}") = "_lightgbm", "_lightgbm.vcxproj", "{6298431E-880C-3F3F-9B4C-73D5B0FD26D0}"
	ProjectSection(ProjectDependencies) = postProject
		{5F031955-5F84-3AD1-A4FC-06D13914244A} = {5F031955-5F84-3AD1-A4FC-06D13914244A}
		{A3694FA7-C5ED-31E4-AD12-741A138486E5} = {A3694FA7-C5ED-31E4-AD12-741A138486E5}
		{869C342D-2501-3E71-9056-798237B0E60C} = {869C342D-2501-3E71-9056-798237B0E60C}
	EndProjectSection
EndProject
Project("{8BC9CEB8-8B4A-11D0-8D11-00A0C91BC942}") = "lightgbm", "lightgbm.vcxproj", "{BF703C89-5143-3A4B-BC9A-F97E6C4928B5}"
	ProjectSection(ProjectDependencies) = postProject
		{5F031955-5F84-3AD1-A4FC-06D13914244A} = {5F031955-5F84-3AD1-A4FC-06D13914244A}
		{869C342D-2501-3E71-9056-798237B0E60C} = {869C342D-2501-3E71-9056-798237B0E60C}
	EndProjectSection
EndProject
Project("{8BC9CEB8-8B4A-11D0-8D11-00A0C91BC942}") = "lightgbm_capi_objs", "lightgbm_capi_objs.vcxproj", "{A3694FA7-C5ED-31E4-AD12-741A138486E5}"
	ProjectSection(ProjectDependencies) = postProject
		{5F031955-5F84-3AD1-A4FC-06D13914244A} = {5F031955-5F84-3AD1-A4FC-06D13914244A}
	EndProjectSection
EndProject
Project("{8BC9CEB8-8B4A-11D0-8D11-00A0C91BC942}") = "lightgbm_objs", "lightgbm_objs.vcxproj", "{869C342D-2501-3E71-9056-798237B0E60C}"
	ProjectSection(ProjectDependencies) = postProject
		{5F031955-5F84-3AD1-A4FC-06D13914244A} = {5F031955-5F84-3AD1-A4FC-06D13914244A}
	EndProjectSection
EndProject
Global
	GlobalSection(SolutionConfigurationPlatforms) = preSolution
		Debug|x64 = Debug|x64
		Release|x64 = Release|x64
		MinSizeRel|x64 = MinSizeRel|x64
		RelWithDebInfo|x64 = RelWithDebInfo|x64
	EndGlobalSection
	GlobalSection(ProjectConfigurationPlatforms) = postSolution
		{8FBFD86A-0DC4-3AE3-AD7D-FCE95B3CA758}.Debug|x64.ActiveCfg = Debug|x64
		{8FBFD86A-0DC4-3AE3-AD7D-FCE95B3CA758}.Debug|x64.Build.0 = Debug|x64
		{8FBFD86A-0DC4-3AE3-AD7D-FCE95B3CA758}.Release|x64.ActiveCfg = Release|x64
		{8FBFD86A-0DC4-3AE3-AD7D-FCE95B3CA758}.Release|x64.Build.0 = Release|x64
		{8FBFD86A-0DC4-3AE3-AD7D-FCE95B3CA758}.MinSizeRel|x64.ActiveCfg = MinSizeRel|x64
		{8FBFD86A-0DC4-3AE3-AD7D-FCE95B3CA758}.MinSizeRel|x64.Build.0 = MinSizeRel|x64
		{8FBFD86A-0DC4-3AE3-AD7D-FCE95B3CA758}.RelWithDebInfo|x64.ActiveCfg = RelWithDebInfo|x64
		{8FBFD86A-0DC4-3AE3-AD7D-FCE95B3CA758}.RelWithDebInfo|x64.Build.0 = RelWithDebInfo|x64
		{D0D091F5-A61F-36D9-91A8-73DDA69A4335}.Debug|x64.ActiveCfg = Debug|x64
		{D0D091F5-A61F-36D9-91A8-73DDA69A4335}.Release|x64.ActiveCfg = Release|x64
		{D0D091F5-A61F-36D9-91A8-73DDA69A4335}.MinSizeRel|x64.ActiveCfg = MinSizeRel|x64
		{D0D091F5-A61F-36D9-91A8-73DDA69A4335}.RelWithDebInfo|x64.ActiveCfg = RelWithDebInfo|x64
		{5F031955-5F84-3AD1-A4FC-06D13914244A}.Debug|x64.ActiveCfg = Debug|x64
		{5F031955-5F84-3AD1-A4FC-06D13914244A}.Debug|x64.Build.0 = Debug|x64
		{5F031955-5F84-3AD1-A4FC-06D13914244A}.Release|x64.ActiveCfg = Release|x64
		{5F031955-5F84-3AD1-A4FC-06D13914244A}.Release|x64.Build.0 = Release|x64
		{5F031955-5F84-3AD1-A4FC-06D13914244A}.MinSizeRel|x64.ActiveCfg = MinSizeRel|x64
		{5F031955-5F84-3AD1-A4FC-06D13914244A}.MinSizeRel|x64.Build.0 = MinSizeRel|x64
		{5F031955-5F84-3AD1-A4FC-06D13914244A}.RelWithDebInfo|x64.ActiveCfg = RelWithDebInfo|x64
		{5F031955-5F84-3AD1-A4FC-06D13914244A}.RelWithDebInfo|x64.Build.0 = RelWithDebInfo|x64
		{6298431E-880C-3F3F-9B4C-73D5B0FD26D0}.Debug|x64.ActiveCfg = Debug|x64
		{6298431E-880C-3F3F-9B4C-73D5B0FD26D0}.Debug|x64.Build.0 = Debug|x64
		{6298431E-880C-3F3F-9B4C-73D5B0FD26D0}.Release|x64.ActiveCfg = Release|x64
		{6298431E-880C-3F3F-9B4C-73D5B0FD26D0}.Release|x64.Build.0 = Release|x64
		{6298431E-880C-3F3F-9B4C-73D5B0FD26D0}.MinSizeRel|x64.ActiveCfg = MinSizeRel|x64
		{6298431E-880C-3F3F-9B4C-73D5B0FD26D0}.MinSizeRel|x64.Build.0 = MinSizeRel|x64
		{6298431E-880C-3F3F-9B4C-73D5B0FD26D0}.RelWithDebInfo|x64.ActiveCfg = RelWithDebInfo|x64
		{6298431E-880C-3F3F-9B4C-73D5B0FD26D0}.RelWithDebInfo|x64.Build.0 = RelWithDebInfo|x64
		{BF703C89-5143-3A4B-BC9A-F97E6C4928B5}.Debug|x64.ActiveCfg = Debug|x64
		{BF703C89-5143-3A4B-BC9A-F97E6C4928B5}.Debug|x64.Build.0 = Debug|x64
		{BF703C89-5143-3A4B-BC9A-F97E6C4928B5}.Release|x64.ActiveCfg = Release|x64
		{BF703C89-5143-3A4B-BC9A-F97E6C4928B5}.Release|x64.Build.0 = Release|x64
		{BF703C89-5143-3A4B-BC9A-F97E6C4928B5}.MinSizeRel|x64.ActiveCfg = MinSizeRel|x64
		{BF703C89-5143-3A4B-BC9A-F97E6C4928B5}.MinSizeRel|x64.Build.0 = MinSizeRel|x64
		{BF703C89-5143-3A4B-BC9A-F97E6C4928B5}.RelWithDebInfo|x64.ActiveCfg = RelWithDebInfo|x64
		{BF703C89-5143-3A4B-BC9A-F97E6C4928B5}.RelWithDebInfo|x64.Build.0 = RelWithDebInfo|x64
		{A3694FA7-C5ED-31E4-AD12-741A138486E5}.Debug|x64.ActiveCfg = Debug|x64
		{A3694FA7-C5ED-31E4-AD12-741A138486E5}.Debug|x64.Build.0 = Debug|x64
		{A3694FA7-C5ED-31E4-AD12-741A138486E5}.Release|x64.ActiveCfg = Release|x64
		{A3694FA7-C5ED-31E4-AD12-741A138486E5}.Release|x64.Build.0 = Release|x64
		{A3694FA7-C5ED-31E4-AD12-741A138486E5}.MinSizeRel|x64.ActiveCfg = MinSizeRel|x64
		{A3694FA7-C5ED-31E4-AD12-741A138486E5}.MinSizeRel|x64.Build.0 = MinSizeRel|x64
		{A3694FA7-C5ED-31E4-AD12-741A138486E5}.RelWithDebInfo|x64.ActiveCfg = RelWithDebInfo|x64
		{A3694FA7-C5ED-31E4-AD12-741A138486E5}.RelWithDebInfo|x64.Build.0 = RelWithDebInfo|x64
		{869C342D-2501-3E71-9056-798237B0E60C}.Debug|x64.ActiveCfg = Debug|x64
		{869C342D-2501-3E71-9056-798237B0E60C}.Debug|x64.Build.0 = Debug|x64
		{869C342D-2501-3E71-9056-798237B0E60C}.Release|x64.ActiveCfg = Release|x64
		{869C342D-2501-3E71-9056-798237B0E60C}.Release|x64.Build.0 = Release|x64
		{869C342D-2501-3E71-9056-798237B0E60C}.MinSizeRel|x64.ActiveCfg = MinSizeRel|x64
		{869C342D-2501-3E71-9056-798237B0E60C}.MinSizeRel|x64.Build.0 = MinSizeRel|x64
		{869C342D-2501-3E71-9056-798237B0E60C}.RelWithDebInfo|x64.ActiveCfg = RelWithDebInfo|x64
		{869C342D-2501-3E71-9056-798237B0E60C}.RelWithDebInfo|x64.Build.0 = RelWithDebInfo|x64
	EndGlobalSection
	GlobalSection(NestedProjects) = preSolution
		{8FBFD86A-0DC4-3AE3-AD7D-FCE95B3CA758} = {F67BEB58-59BB-3DCA-9DAA-57CAF5E87615}
		{D0D091F5-A61F-36D9-91A8-73DDA69A4335} = {F67BEB58-59BB-3DCA-9DAA-57CAF5E87615}
		{5F031955-5F84-3AD1-A4FC-06D13914244A} = {F67BEB58-59BB-3DCA-9DAA-57CAF5E87615}
	EndGlobalSection
	GlobalSection(ExtensibilityGlobals) = postSolution
		SolutionGuid = {2ECB090A-35D0-3A3A-A1A7-A34AA62F75B3}
	EndGlobalSection
	GlobalSection(ExtensibilityAddIns) = postSolution
	EndGlobalSection
EndGlobal
