<?xml version="1.0" encoding="utf-8"?>
<Project ToolsVersion="17.0" xmlns="http://schemas.microsoft.com/developer/msbuild/2003">
  <ItemGroup>
    <ClCompile Include="D:\PythonDProjects\numerAI\lightgbm_gpu_build\src\boosting\boosting.cpp">
      <Filter>Source Files</Filter>
    </ClCompile>
    <ClCompile Include="D:\PythonDProjects\numerAI\lightgbm_gpu_build\src\boosting\gbdt_model_text.cpp">
      <Filter>Source Files</Filter>
    </ClCompile>
    <ClCompile Include="D:\PythonDProjects\numerAI\lightgbm_gpu_build\src\boosting\gbdt_prediction.cpp">
      <Filter>Source Files</Filter>
    </ClCompile>
    <ClCompile Include="D:\PythonDProjects\numerAI\lightgbm_gpu_build\src\boosting\gbdt.cpp">
      <Filter>Source Files</Filter>
    </ClCompile>
    <ClCompile Include="D:\PythonDProjects\numerAI\lightgbm_gpu_build\src\boosting\prediction_early_stop.cpp">
      <Filter>Source Files</Filter>
    </ClCompile>
    <ClCompile Include="D:\PythonDProjects\numerAI\lightgbm_gpu_build\src\boosting\sample_strategy.cpp">
      <Filter>Source Files</Filter>
    </ClCompile>
    <ClCompile Include="D:\PythonDProjects\numerAI\lightgbm_gpu_build\src\io\bin.cpp">
      <Filter>Source Files</Filter>
    </ClCompile>
    <ClCompile Include="D:\PythonDProjects\numerAI\lightgbm_gpu_build\src\io\config_auto.cpp">
      <Filter>Source Files</Filter>
    </ClCompile>
    <ClCompile Include="D:\PythonDProjects\numerAI\lightgbm_gpu_build\src\io\config.cpp">
      <Filter>Source Files</Filter>
    </ClCompile>
    <ClCompile Include="D:\PythonDProjects\numerAI\lightgbm_gpu_build\src\io\dataset_loader.cpp">
      <Filter>Source Files</Filter>
    </ClCompile>
    <ClCompile Include="D:\PythonDProjects\numerAI\lightgbm_gpu_build\src\io\dataset.cpp">
      <Filter>Source Files</Filter>
    </ClCompile>
    <ClCompile Include="D:\PythonDProjects\numerAI\lightgbm_gpu_build\src\io\file_io.cpp">
      <Filter>Source Files</Filter>
    </ClCompile>
    <ClCompile Include="D:\PythonDProjects\numerAI\lightgbm_gpu_build\src\io\json11.cpp">
      <Filter>Source Files</Filter>
    </ClCompile>
    <ClCompile Include="D:\PythonDProjects\numerAI\lightgbm_gpu_build\src\io\metadata.cpp">
      <Filter>Source Files</Filter>
    </ClCompile>
    <ClCompile Include="D:\PythonDProjects\numerAI\lightgbm_gpu_build\src\io\parser.cpp">
      <Filter>Source Files</Filter>
    </ClCompile>
    <ClCompile Include="D:\PythonDProjects\numerAI\lightgbm_gpu_build\src\io\train_share_states.cpp">
      <Filter>Source Files</Filter>
    </ClCompile>
    <ClCompile Include="D:\PythonDProjects\numerAI\lightgbm_gpu_build\src\io\tree.cpp">
      <Filter>Source Files</Filter>
    </ClCompile>
    <ClCompile Include="D:\PythonDProjects\numerAI\lightgbm_gpu_build\src\metric\dcg_calculator.cpp">
      <Filter>Source Files</Filter>
    </ClCompile>
    <ClCompile Include="D:\PythonDProjects\numerAI\lightgbm_gpu_build\src\metric\metric.cpp">
      <Filter>Source Files</Filter>
    </ClCompile>
    <ClCompile Include="D:\PythonDProjects\numerAI\lightgbm_gpu_build\src\network\linker_topo.cpp">
      <Filter>Source Files</Filter>
    </ClCompile>
    <ClCompile Include="D:\PythonDProjects\numerAI\lightgbm_gpu_build\src\network\linkers_mpi.cpp">
      <Filter>Source Files</Filter>
    </ClCompile>
    <ClCompile Include="D:\PythonDProjects\numerAI\lightgbm_gpu_build\src\network\linkers_socket.cpp">
      <Filter>Source Files</Filter>
    </ClCompile>
    <ClCompile Include="D:\PythonDProjects\numerAI\lightgbm_gpu_build\src\network\network.cpp">
      <Filter>Source Files</Filter>
    </ClCompile>
    <ClCompile Include="D:\PythonDProjects\numerAI\lightgbm_gpu_build\src\objective\objective_function.cpp">
      <Filter>Source Files</Filter>
    </ClCompile>
    <ClCompile Include="D:\PythonDProjects\numerAI\lightgbm_gpu_build\src\treelearner\data_parallel_tree_learner.cpp">
      <Filter>Source Files</Filter>
    </ClCompile>
    <ClCompile Include="D:\PythonDProjects\numerAI\lightgbm_gpu_build\src\treelearner\feature_histogram.cpp">
      <Filter>Source Files</Filter>
    </ClCompile>
    <ClCompile Include="D:\PythonDProjects\numerAI\lightgbm_gpu_build\src\treelearner\feature_parallel_tree_learner.cpp">
      <Filter>Source Files</Filter>
    </ClCompile>
    <ClCompile Include="D:\PythonDProjects\numerAI\lightgbm_gpu_build\src\treelearner\gpu_tree_learner.cpp">
      <Filter>Source Files</Filter>
    </ClCompile>
    <ClCompile Include="D:\PythonDProjects\numerAI\lightgbm_gpu_build\src\treelearner\gradient_discretizer.cpp">
      <Filter>Source Files</Filter>
    </ClCompile>
    <ClCompile Include="D:\PythonDProjects\numerAI\lightgbm_gpu_build\src\treelearner\linear_tree_learner.cpp">
      <Filter>Source Files</Filter>
    </ClCompile>
    <ClCompile Include="D:\PythonDProjects\numerAI\lightgbm_gpu_build\src\treelearner\serial_tree_learner.cpp">
      <Filter>Source Files</Filter>
    </ClCompile>
    <ClCompile Include="D:\PythonDProjects\numerAI\lightgbm_gpu_build\src\treelearner\tree_learner.cpp">
      <Filter>Source Files</Filter>
    </ClCompile>
    <ClCompile Include="D:\PythonDProjects\numerAI\lightgbm_gpu_build\src\treelearner\voting_parallel_tree_learner.cpp">
      <Filter>Source Files</Filter>
    </ClCompile>
    <ClCompile Include="D:\PythonDProjects\numerAI\lightgbm_gpu_build\src\utils\openmp_wrapper.cpp">
      <Filter>Source Files</Filter>
    </ClCompile>
  </ItemGroup>
  <ItemGroup>
    <CustomBuild Include="D:\PythonDProjects\numerAI\lightgbm_gpu_build\CMakeLists.txt" />
  </ItemGroup>
  <ItemGroup>
    <Filter Include="Source Files">
      <UniqueIdentifier>{07823494-B9A8-31E2-9E9B-945E1FD044A4}</UniqueIdentifier>
    </Filter>
  </ItemGroup>
</Project>
