<?xml version="1.0" encoding="utf-8"?>
<Project ToolsVersion="17.0" xmlns="http://schemas.microsoft.com/developer/msbuild/2003">
  <ItemGroup>
    <ClCompile Include="D:\PythonDProjects\numerAI\lightgbm_gpu_build\src\main.cpp">
      <Filter>Source Files</Filter>
    </ClCompile>
    <ClCompile Include="D:\PythonDProjects\numerAI\lightgbm_gpu_build\src\application\application.cpp">
      <Filter>Source Files</Filter>
    </ClCompile>
  </ItemGroup>
  <ItemGroup>
    <CustomBuild Include="D:\PythonDProjects\numerAI\lightgbm_gpu_build\CMakeLists.txt" />
  </ItemGroup>
  <ItemGroup>
    <Object Include="D:\PythonDProjects\numerAI\lightgbm\lightgbm_objs.dir\$(Configuration)\boosting.obj">
      <Filter>Object Libraries</Filter>
    </Object>
    <Object Include="D:\PythonDProjects\numerAI\lightgbm\lightgbm_objs.dir\$(Configuration)\gbdt_model_text.obj">
      <Filter>Object Libraries</Filter>
    </Object>
    <Object Include="D:\PythonDProjects\numerAI\lightgbm\lightgbm_objs.dir\$(Configuration)\gbdt_prediction.obj">
      <Filter>Object Libraries</Filter>
    </Object>
    <Object Include="D:\PythonDProjects\numerAI\lightgbm\lightgbm_objs.dir\$(Configuration)\gbdt.obj">
      <Filter>Object Libraries</Filter>
    </Object>
    <Object Include="D:\PythonDProjects\numerAI\lightgbm\lightgbm_objs.dir\$(Configuration)\prediction_early_stop.obj">
      <Filter>Object Libraries</Filter>
    </Object>
    <Object Include="D:\PythonDProjects\numerAI\lightgbm\lightgbm_objs.dir\$(Configuration)\sample_strategy.obj">
      <Filter>Object Libraries</Filter>
    </Object>
    <Object Include="D:\PythonDProjects\numerAI\lightgbm\lightgbm_objs.dir\$(Configuration)\bin.obj">
      <Filter>Object Libraries</Filter>
    </Object>
    <Object Include="D:\PythonDProjects\numerAI\lightgbm\lightgbm_objs.dir\$(Configuration)\config_auto.obj">
      <Filter>Object Libraries</Filter>
    </Object>
    <Object Include="D:\PythonDProjects\numerAI\lightgbm\lightgbm_objs.dir\$(Configuration)\config.obj">
      <Filter>Object Libraries</Filter>
    </Object>
    <Object Include="D:\PythonDProjects\numerAI\lightgbm\lightgbm_objs.dir\$(Configuration)\dataset_loader.obj">
      <Filter>Object Libraries</Filter>
    </Object>
    <Object Include="D:\PythonDProjects\numerAI\lightgbm\lightgbm_objs.dir\$(Configuration)\dataset.obj">
      <Filter>Object Libraries</Filter>
    </Object>
    <Object Include="D:\PythonDProjects\numerAI\lightgbm\lightgbm_objs.dir\$(Configuration)\file_io.obj">
      <Filter>Object Libraries</Filter>
    </Object>
    <Object Include="D:\PythonDProjects\numerAI\lightgbm\lightgbm_objs.dir\$(Configuration)\json11.obj">
      <Filter>Object Libraries</Filter>
    </Object>
    <Object Include="D:\PythonDProjects\numerAI\lightgbm\lightgbm_objs.dir\$(Configuration)\metadata.obj">
      <Filter>Object Libraries</Filter>
    </Object>
    <Object Include="D:\PythonDProjects\numerAI\lightgbm\lightgbm_objs.dir\$(Configuration)\parser.obj">
      <Filter>Object Libraries</Filter>
    </Object>
    <Object Include="D:\PythonDProjects\numerAI\lightgbm\lightgbm_objs.dir\$(Configuration)\train_share_states.obj">
      <Filter>Object Libraries</Filter>
    </Object>
    <Object Include="D:\PythonDProjects\numerAI\lightgbm\lightgbm_objs.dir\$(Configuration)\tree.obj">
      <Filter>Object Libraries</Filter>
    </Object>
    <Object Include="D:\PythonDProjects\numerAI\lightgbm\lightgbm_objs.dir\$(Configuration)\dcg_calculator.obj">
      <Filter>Object Libraries</Filter>
    </Object>
    <Object Include="D:\PythonDProjects\numerAI\lightgbm\lightgbm_objs.dir\$(Configuration)\metric.obj">
      <Filter>Object Libraries</Filter>
    </Object>
    <Object Include="D:\PythonDProjects\numerAI\lightgbm\lightgbm_objs.dir\$(Configuration)\linker_topo.obj">
      <Filter>Object Libraries</Filter>
    </Object>
    <Object Include="D:\PythonDProjects\numerAI\lightgbm\lightgbm_objs.dir\$(Configuration)\linkers_mpi.obj">
      <Filter>Object Libraries</Filter>
    </Object>
    <Object Include="D:\PythonDProjects\numerAI\lightgbm\lightgbm_objs.dir\$(Configuration)\linkers_socket.obj">
      <Filter>Object Libraries</Filter>
    </Object>
    <Object Include="D:\PythonDProjects\numerAI\lightgbm\lightgbm_objs.dir\$(Configuration)\network.obj">
      <Filter>Object Libraries</Filter>
    </Object>
    <Object Include="D:\PythonDProjects\numerAI\lightgbm\lightgbm_objs.dir\$(Configuration)\objective_function.obj">
      <Filter>Object Libraries</Filter>
    </Object>
    <Object Include="D:\PythonDProjects\numerAI\lightgbm\lightgbm_objs.dir\$(Configuration)\data_parallel_tree_learner.obj">
      <Filter>Object Libraries</Filter>
    </Object>
    <Object Include="D:\PythonDProjects\numerAI\lightgbm\lightgbm_objs.dir\$(Configuration)\feature_histogram.obj">
      <Filter>Object Libraries</Filter>
    </Object>
    <Object Include="D:\PythonDProjects\numerAI\lightgbm\lightgbm_objs.dir\$(Configuration)\feature_parallel_tree_learner.obj">
      <Filter>Object Libraries</Filter>
    </Object>
    <Object Include="D:\PythonDProjects\numerAI\lightgbm\lightgbm_objs.dir\$(Configuration)\gpu_tree_learner.obj">
      <Filter>Object Libraries</Filter>
    </Object>
    <Object Include="D:\PythonDProjects\numerAI\lightgbm\lightgbm_objs.dir\$(Configuration)\gradient_discretizer.obj">
      <Filter>Object Libraries</Filter>
    </Object>
    <Object Include="D:\PythonDProjects\numerAI\lightgbm\lightgbm_objs.dir\$(Configuration)\linear_tree_learner.obj">
      <Filter>Object Libraries</Filter>
    </Object>
    <Object Include="D:\PythonDProjects\numerAI\lightgbm\lightgbm_objs.dir\$(Configuration)\serial_tree_learner.obj">
      <Filter>Object Libraries</Filter>
    </Object>
    <Object Include="D:\PythonDProjects\numerAI\lightgbm\lightgbm_objs.dir\$(Configuration)\tree_learner.obj">
      <Filter>Object Libraries</Filter>
    </Object>
    <Object Include="D:\PythonDProjects\numerAI\lightgbm\lightgbm_objs.dir\$(Configuration)\voting_parallel_tree_learner.obj">
      <Filter>Object Libraries</Filter>
    </Object>
    <Object Include="D:\PythonDProjects\numerAI\lightgbm\lightgbm_objs.dir\$(Configuration)\openmp_wrapper.obj">
      <Filter>Object Libraries</Filter>
    </Object>
  </ItemGroup>
  <ItemGroup>
    <Filter Include="Object Libraries">
      <UniqueIdentifier>{269C7685-8266-335B-B8CE-4F705AA4DFD5}</UniqueIdentifier>
    </Filter>
    <Filter Include="Source Files">
      <UniqueIdentifier>{07823494-B9A8-31E2-9E9B-945E1FD044A4}</UniqueIdentifier>
    </Filter>
  </ItemGroup>
</Project>
